
Microsoft Visual Studio Solution File, Format Version 12.00
# Visual Studio Version 16
VisualStudioVersion = 16.0.32407.337
MinimumVisualStudioVersion = 10.0.40219.1
Project("{8BC9CEB8-8B4A-11D0-8D11-00A0C91BC942}") = "LibOdin", "Src\LibOdin\LibOdin.vcxproj", "{4A2FCDA0-B28D-4809-AFCA-8D1CC697DAEE}"
EndProject
Project("{8BC9CEB8-8B4A-11D0-8D11-00A0C91BC942}") = "OdinTest", "Src\OdinTest\OdinTest.vcxproj", "{EFB23DEF-4F5C-4BE9-8983-7310AE78C7DA}"
EndProject
Global
	GlobalSection(SolutionConfigurationPlatforms) = preSolution
		Debug|x64 = Debug|x64
		Debug|x86 = Debug|x86
		Release|x64 = Release|x64
		Release|x86 = Release|x86
	EndGlobalSection
	GlobalSection(ProjectConfigurationPlatforms) = postSolution
		{4A2FCDA0-B28D-4809-AFCA-8D1CC697DAEE}.Debug|x64.ActiveCfg = Debug|x64
		{4A2FCDA0-B28D-4809-AFCA-8D1CC697DAEE}.Debug|x64.Build.0 = Debug|x64
		{4A2FCDA0-B28D-4809-AFCA-8D1CC697DAEE}.Debug|x86.ActiveCfg = Debug|Win32
		{4A2FCDA0-B28D-4809-AFCA-8D1CC697DAEE}.Debug|x86.Build.0 = Debug|Win32
		{4A2FCDA0-B28D-4809-AFCA-8D1CC697DAEE}.Release|x64.ActiveCfg = Release|x64
		{4A2FCDA0-B28D-4809-AFCA-8D1CC697DAEE}.Release|x64.Build.0 = Release|x64
		{4A2FCDA0-B28D-4809-AFCA-8D1CC697DAEE}.Release|x86.ActiveCfg = Release|Win32
		{4A2FCDA0-B28D-4809-AFCA-8D1CC697DAEE}.Release|x86.Build.0 = Release|Win32
		{EFB23DEF-4F5C-4BE9-8983-7310AE78C7DA}.Debug|x64.ActiveCfg = Debug|x64
		{EFB23DEF-4F5C-4BE9-8983-7310AE78C7DA}.Debug|x64.Build.0 = Debug|x64
		{EFB23DEF-4F5C-4BE9-8983-7310AE78C7DA}.Debug|x86.ActiveCfg = Debug|Win32
		{EFB23DEF-4F5C-4BE9-8983-7310AE78C7DA}.Debug|x86.Build.0 = Debug|Win32
		{EFB23DEF-4F5C-4BE9-8983-7310AE78C7DA}.Release|x64.ActiveCfg = Release|x64
		{EFB23DEF-4F5C-4BE9-8983-7310AE78C7DA}.Release|x64.Build.0 = Release|x64
		{EFB23DEF-4F5C-4BE9-8983-7310AE78C7DA}.Release|x86.ActiveCfg = Release|Win32
		{EFB23DEF-4F5C-4BE9-8983-7310AE78C7DA}.Release|x86.Build.0 = Release|Win32
	EndGlobalSection
	GlobalSection(SolutionProperties) = preSolution
		HideSolutionNode = FALSE
	EndGlobalSection
	GlobalSection(ExtensibilityGlobals) = postSolution
		SolutionGuid = {68DBCCDB-923C-40D8-AC7A-9493C248A4EF}
	EndGlobalSection
EndGlobal
